
Microsoft Visual Studio Solution File, Format Version 12.00
# Visual Studio 15
VisualStudioVersion = 15.0.28010.2046
MinimumVisualStudioVersion = 10.0.40219.1
Project("{FAE04EC0-301F-11D3-BF4B-00C04F79EFBC}") = "ParallelProgramming", "ParallelProgramming\ParallelProgramming.csproj", "{DEBC8412-3718-4788-B222-E6D1592FC25D}"
EndProject
Global
	GlobalSection(SolutionConfigurationPlatforms) = preSolution
		Debug|Any CPU = Debug|Any CPU
		Release|Any CPU = Release|Any CPU
	EndGlobalSection
	GlobalSection(ProjectConfigurationPlatforms) = postSolution
		{DEBC8412-3718-4788-B222-E6D1592FC25D}.Debug|Any CPU.ActiveCfg = Debug|Any CPU
		{DEBC8412-3718-4788-B222-E6D1592FC25D}.Debug|Any CPU.Build.0 = Debug|Any CPU
		{DEBC8412-3718-4788-B222-E6D1592FC25D}.Release|Any CPU.ActiveCfg = Release|Any CPU
		{DEBC8412-3718-4788-B222-E6D1592FC25D}.Release|Any CPU.Build.0 = Release|Any CPU
	EndGlobalSection
	GlobalSection(SolutionProperties) = preSolution
		HideSolutionNode = FALSE
	EndGlobalSection
	GlobalSection(ExtensibilityGlobals) = postSolution
		SolutionGuid = {EADD4CE0-E7BF-4C9E-B55F-47AC3A2292AC}
	EndGlobalSection
EndGlobal
